{
  "name": "foo",
  "version": "1.0.0",
  "lockfileVersion": 1,
  "requires": true,
  "dependencies": {
    "unique-names-generator": {
      "version": "4.3.1",
      "resolved": "https://registry.npmjs.org/unique-names-generator/-/unique-names-generator-4.3.1.tgz",
      "integrity": "sha512-oxkKrDXbwx6I5M963SdfmMH2t8n1OIfYyzoJ25BmDeETlyWAZjTbMXwIEMiQDex4lkD2pqe+9gxDJQAB2IOfDg=="
    }
  }
}
